
Microsoft Visual Studio Solution File, Format Version 12.00
# Visual Studio Version 16
VisualStudioVersion = 16.0.29215.179
MinimumVisualStudioVersion = 10.0.40219.1
Project("{FAE04EC0-301F-11D3-BF4B-00C04F79EFBC}") = "smoothies", "smoothies\smoothies.csproj", "{21A4B8D0-A471-4B22-BBDA-A1B3F508887C}"
EndProject
Global
	GlobalSection(SolutionConfigurationPlatforms) = preSolution
		Debug|Any CPU = Debug|Any CPU
		Release|Any CPU = Release|Any CPU
	EndGlobalSection
	GlobalSection(ProjectConfigurationPlatforms) = postSolution
		{21A4B8D0-A471-4B22-BBDA-A1B3F508887C}.Debug|Any CPU.ActiveCfg = Debug|Any CPU
		{21A4B8D0-A471-4B22-BBDA-A1B3F508887C}.Debug|Any CPU.Build.0 = Debug|Any CPU
		{21A4B8D0-A471-4B22-BBDA-A1B3F508887C}.Release|Any CPU.ActiveCfg = Release|Any CPU
		{21A4B8D0-A471-4B22-BBDA-A1B3F508887C}.Release|Any CPU.Build.0 = Release|Any CPU
	EndGlobalSection
	GlobalSection(SolutionProperties) = preSolution
		HideSolutionNode = FALSE
	EndGlobalSection
	GlobalSection(ExtensibilityGlobals) = postSolution
		SolutionGuid = {7E328996-FC1D-4AF8-ADED-E1E6E4CF681E}
	EndGlobalSection
EndGlobal
